{
  "name": "sails-hook-webcore",
  "version": "0.0.1",
  "lockfileVersion": 1,
  "requires": true,
  "dependencies": {
    "iiko-card5": {
      "version": "0.0.3",
      "resolved": "https://registry.npmjs.org/iiko-card5/-/iiko-card5-0.0.3.tgz",
      "integrity": "sha1-tFQi27LXQOBXW5Ok2C1XFGJwglo="
    },
    "lodash": {
      "version": "4.17.10",
      "resolved": "https://registry.npmjs.org/lodash/-/lodash-4.17.10.tgz",
      "integrity": "sha512-UejweD1pDoXu+AD825lWwp4ZGtSwgnpZxb3JDViD7StjQz+Nb/6l093lx4OQ0foGWNRoc19mWy7BzL+UAK2iVg=="
    }
  }
}
